
Microsoft Visual Studio Solution File, Format Version 12.00
# Visual Studio Version 16
VisualStudioVersion = 16.0.28803.156
MinimumVisualStudioVersion = 10.0.40219.1
Project("{FAE04EC0-301F-11D3-BF4B-00C04F79EFBC}") = "DOMExemplo", "DOMExemplo\DOMExemplo.csproj", "{FCA46803-1767-436B-8639-A6ECF8B0553A}"
EndProject
Global
	GlobalSection(SolutionConfigurationPlatforms) = preSolution
		Debug|Any CPU = Debug|Any CPU
		Release|Any CPU = Release|Any CPU
	EndGlobalSection
	GlobalSection(ProjectConfigurationPlatforms) = postSolution
		{FCA46803-1767-436B-8639-A6ECF8B0553A}.Debug|Any CPU.ActiveCfg = Debug|Any CPU
		{FCA46803-1767-436B-8639-A6ECF8B0553A}.Debug|Any CPU.Build.0 = Debug|Any CPU
		{FCA46803-1767-436B-8639-A6ECF8B0553A}.Release|Any CPU.ActiveCfg = Release|Any CPU
		{FCA46803-1767-436B-8639-A6ECF8B0553A}.Release|Any CPU.Build.0 = Release|Any CPU
	EndGlobalSection
	GlobalSection(SolutionProperties) = preSolution
		HideSolutionNode = FALSE
	EndGlobalSection
	GlobalSection(ExtensibilityGlobals) = postSolution
		SolutionGuid = {4DB8DBC0-BDAF-4E4B-B021-2FFEC98014BC}
	EndGlobalSection
EndGlobal
